// !$*UTF8*$!
{
	archiveVersion = 1;
	classes = {
	};
	objectVersion = 56;
	objects = {

/* Begin PBXBuildFile section */
		B51B0F382BFCFAE400F0EC41 /* TryLLMApp.swift in Sources */ = {isa = PBXBuildFile; fileRef = B51B0F372BFCFAE400F0EC41 /* TryLLMApp.swift */; };
		B51B0F3A2BFCFAE400F0EC41 /* ContentView.swift in Sources */ = {isa = PBXBuildFile; fileRef = B51B0F392BFCFAE400F0EC41 /* ContentView.swift */; };
		B51B0F3C2BFCFAE500F0EC41 /* Assets.xcassets in Resources */ = {isa = PBXBuildFile; fileRef = B51B0F3B2BFCFAE500F0EC41 /* Assets.xcassets */; };
		B51B0F3F2BFCFAE500F0EC41 /* Preview Assets.xcassets in Resources */ = {isa = PBXBuildFile; fileRef = B51B0F3E2BFCFAE500F0EC41 /* Preview Assets.xcassets */; };
		B51B0F4B2BFCFBD400F0EC41 /* LLM.swift in Sources */ = {isa = PBXBuildFile; fileRef = B51B0F4A2BFCFBD400F0EC41 /* LLM.swift */; };
		B51B0F4D2BFCFDD400F0EC41 /* DeviceStat.swift in Sources */ = {isa = PBXBuildFile; fileRef = B51B0F4C2BFCFDD400F0EC41 /* DeviceStat.swift */; };
		B546A70C2C0CA15600BA19DB /* .gitignore in Resources */ = {isa = PBXBuildFile; fileRef = B546A70B2C0CA15600BA19DB /* .gitignore */; };
		B557BC842C10B71800FAA297 /* LLM in Frameworks */ = {isa = PBXBuildFile; productRef = B557BC832C10B71800FAA297 /* LLM */; };
		B557BC862C10B71800FAA297 /* MNIST in Frameworks */ = {isa = PBXBuildFile; productRef = B557BC852C10B71800FAA297 /* MNIST */; };
		B557BC892C10B72600FAA297 /* MarkdownUI in Frameworks */ = {isa = PBXBuildFile; productRef = B557BC882C10B72600FAA297 /* MarkdownUI */; };
		B5E7F7BD2C133F8500D73EF2 /* ModelContentView.swift in Sources */ = {isa = PBXBuildFile; fileRef = B5E7F7BC2C133F8500D73EF2 /* ModelContentView.swift */; };
		B5E9FA112C0715E900121291 /* ModelListView.swift in Sources */ = {isa = PBXBuildFile; fileRef = B5E9FA102C0715E900121291 /* ModelListView.swift */; };
		B5EC66C22C00D6B900C5E45E /* HomeView.swift in Sources */ = {isa = PBXBuildFile; fileRef = B5EC66C12C00D6B900C5E45E /* HomeView.swift */; };
/* End PBXBuildFile section */

/* Begin PBXFileReference section */
		B51B0F342BFCFAE400F0EC41 /* TryLLM.app */ = {isa = PBXFileReference; explicitFileType = wrapper.application; includeInIndex = 0; path = TryLLM.app; sourceTree = BUILT_PRODUCTS_DIR; };
		B51B0F372BFCFAE400F0EC41 /* TryLLMApp.swift */ = {isa = PBXFileReference; lastKnownFileType = sourcecode.swift; path = TryLLMApp.swift; sourceTree = "<group>"; };
		B51B0F392BFCFAE400F0EC41 /* ContentView.swift */ = {isa = PBXFileReference; lastKnownFileType = sourcecode.swift; path = ContentView.swift; sourceTree = "<group>"; };
		B51B0F3B2BFCFAE500F0EC41 /* Assets.xcassets */ = {isa = PBXFileReference; lastKnownFileType = folder.assetcatalog; path = Assets.xcassets; sourceTree = "<group>"; };
		B51B0F3E2BFCFAE500F0EC41 /* Preview Assets.xcassets */ = {isa = PBXFileReference; lastKnownFileType = folder.assetcatalog; path = "Preview Assets.xcassets"; sourceTree = "<group>"; };
		B51B0F4A2BFCFBD400F0EC41 /* LLM.swift */ = {isa = PBXFileReference; lastKnownFileType = sourcecode.swift; path = LLM.swift; sourceTree = "<group>"; };
		B51B0F4C2BFCFDD400F0EC41 /* DeviceStat.swift */ = {isa = PBXFileReference; lastKnownFileType = sourcecode.swift; path = DeviceStat.swift; sourceTree = "<group>"; };
		B546A70B2C0CA15600BA19DB /* .gitignore */ = {isa = PBXFileReference; lastKnownFileType = text; path = .gitignore; sourceTree = "<group>"; };
		B5E7F7BC2C133F8500D73EF2 /* ModelContentView.swift */ = {isa = PBXFileReference; lastKnownFileType = sourcecode.swift; path = ModelContentView.swift; sourceTree = "<group>"; };
		B5E9FA102C0715E900121291 /* ModelListView.swift */ = {isa = PBXFileReference; lastKnownFileType = sourcecode.swift; path = ModelListView.swift; sourceTree = "<group>"; };
		B5EC66C12C00D6B900C5E45E /* HomeView.swift */ = {isa = PBXFileReference; lastKnownFileType = sourcecode.swift; path = HomeView.swift; sourceTree = "<group>"; };
/* End PBXFileReference section */

/* Begin PBXFrameworksBuildPhase section */
		B51B0F312BFCFAE400F0EC41 /* Frameworks */ = {
			isa = PBXFrameworksBuildPhase;
			buildActionMask = 2147483647;
			files = (
				B557BC892C10B72600FAA297 /* MarkdownUI in Frameworks */,
				B557BC862C10B71800FAA297 /* MNIST in Frameworks */,
				B557BC842C10B71800FAA297 /* LLM in Frameworks */,
			);
			runOnlyForDeploymentPostprocessing = 0;
		};
/* End PBXFrameworksBuildPhase section */

/* Begin PBXGroup section */
		B51B0F2B2BFCFAE400F0EC41 = {
			isa = PBXGroup;
			children = (
				B546A70B2C0CA15600BA19DB /* .gitignore */,
				B51B0F362BFCFAE400F0EC41 /* TryLLM */,
				B51B0F352BFCFAE400F0EC41 /* Products */,
			);
			sourceTree = "<group>";
		};
		B51B0F352BFCFAE400F0EC41 /* Products */ = {
			isa = PBXGroup;
			children = (
				B51B0F342BFCFAE400F0EC41 /* TryLLM.app */,
			);
			name = Products;
			sourceTree = "<group>";
		};
		B51B0F362BFCFAE400F0EC41 /* TryLLM */ = {
			isa = PBXGroup;
			children = (
				B51B0F372BFCFAE400F0EC41 /* TryLLMApp.swift */,
				B51B0F392BFCFAE400F0EC41 /* ContentView.swift */,
				B51B0F3B2BFCFAE500F0EC41 /* Assets.xcassets */,
				B51B0F3D2BFCFAE500F0EC41 /* Preview Content */,
				B51B0F4A2BFCFBD400F0EC41 /* LLM.swift */,
				B51B0F4C2BFCFDD400F0EC41 /* DeviceStat.swift */,
				B5EC66C12C00D6B900C5E45E /* HomeView.swift */,
				B5E9FA102C0715E900121291 /* ModelListView.swift */,
				B5E7F7BC2C133F8500D73EF2 /* ModelContentView.swift */,
			);
			path = TryLLM;
			sourceTree = "<group>";
		};
		B51B0F3D2BFCFAE500F0EC41 /* Preview Content */ = {
			isa = PBXGroup;
			children = (
				B51B0F3E2BFCFAE500F0EC41 /* Preview Assets.xcassets */,
			);
			path = "Preview Content";
			sourceTree = "<group>";
		};
/* End PBXGroup section */

/* Begin PBXNativeTarget section */
		B51B0F332BFCFAE400F0EC41 /* TryLLM */ = {
			isa = PBXNativeTarget;
			buildConfigurationList = B51B0F422BFCFAE500F0EC41 /* Build configuration list for PBXNativeTarget "TryLLM" */;
			buildPhases = (
				B51B0F302BFCFAE400F0EC41 /* Sources */,
				B51B0F312BFCFAE400F0EC41 /* Frameworks */,
				B51B0F322BFCFAE400F0EC41 /* Resources */,
			);
			buildRules = (
			);
			dependencies = (
			);
			name = TryLLM;
			packageProductDependencies = (
				B557BC832C10B71800FAA297 /* LLM */,
				B557BC852C10B71800FAA297 /* MNIST */,
				B557BC882C10B72600FAA297 /* MarkdownUI */,
			);
			productName = TryLLM;
			productReference = B51B0F342BFCFAE400F0EC41 /* TryLLM.app */;
			productType = "com.apple.product-type.application";
		};
/* End PBXNativeTarget section */

/* Begin PBXProject section */
		B51B0F2C2BFCFAE400F0EC41 /* Project object */ = {
			isa = PBXProject;
			attributes = {
				BuildIndependentTargetsInParallel = 1;
				LastSwiftUpdateCheck = 1530;
				LastUpgradeCheck = 1530;
				TargetAttributes = {
					B51B0F332BFCFAE400F0EC41 = {
						CreatedOnToolsVersion = 15.3;
					};
				};
			};
			buildConfigurationList = B51B0F2F2BFCFAE400F0EC41 /* Build configuration list for PBXProject "TryLLM" */;
			compatibilityVersion = "Xcode 14.0";
			developmentRegion = en;
			hasScannedForEncodings = 0;
			knownRegions = (
				en,
				Base,
			);
			mainGroup = B51B0F2B2BFCFAE400F0EC41;
			packageReferences = (
				B557BC822C10B71800FAA297 /* XCRemoteSwiftPackageReference "mlx-swift-examples" */,
				B557BC872C10B72600FAA297 /* XCRemoteSwiftPackageReference "swift-markdown-ui" */,
			);
			productRefGroup = B51B0F352BFCFAE400F0EC41 /* Products */;
			projectDirPath = "";
			projectRoot = "";
			targets = (
				B51B0F332BFCFAE400F0EC41 /* TryLLM */,
			);
		};
/* End PBXProject section */

/* Begin PBXResourcesBuildPhase section */
		B51B0F322BFCFAE400F0EC41 /* Resources */ = {
			isa = PBXResourcesBuildPhase;
			buildActionMask = 2147483647;
			files = (
				B51B0F3F2BFCFAE500F0EC41 /* Preview Assets.xcassets in Resources */,
				B546A70C2C0CA15600BA19DB /* .gitignore in Resources */,
				B51B0F3C2BFCFAE500F0EC41 /* Assets.xcassets in Resources */,
			);
			runOnlyForDeploymentPostprocessing = 0;
		};
/* End PBXResourcesBuildPhase section */

/* Begin PBXSourcesBuildPhase section */
		B51B0F302BFCFAE400F0EC41 /* Sources */ = {
			isa = PBXSourcesBuildPhase;
			buildActionMask = 2147483647;
			files = (
				B5E9FA112C0715E900121291 /* ModelListView.swift in Sources */,
				B51B0F4B2BFCFBD400F0EC41 /* LLM.swift in Sources */,
				B5E7F7BD2C133F8500D73EF2 /* ModelContentView.swift in Sources */,
				B51B0F3A2BFCFAE400F0EC41 /* ContentView.swift in Sources */,
				B51B0F382BFCFAE400F0EC41 /* TryLLMApp.swift in Sources */,
				B5EC66C22C00D6B900C5E45E /* HomeView.swift in Sources */,
				B51B0F4D2BFCFDD400F0EC41 /* DeviceStat.swift in Sources */,
			);
			runOnlyForDeploymentPostprocessing = 0;
		};
/* End PBXSourcesBuildPhase section */

/* Begin XCBuildConfiguration section */
		B51B0F402BFCFAE500F0EC41 /* Debug */ = {
			isa = XCBuildConfiguration;
			buildSettings = {
				ALWAYS_SEARCH_USER_PATHS = NO;
				ASSETCATALOG_COMPILER_GENERATE_SWIFT_ASSET_SYMBOL_EXTENSIONS = YES;
				CLANG_ANALYZER_NONNULL = YES;
				CLANG_ANALYZER_NUMBER_OBJECT_CONVERSION = YES_AGGRESSIVE;
				CLANG_CXX_LANGUAGE_STANDARD = "gnu++20";
				CLANG_ENABLE_MODULES = YES;
				CLANG_ENABLE_OBJC_ARC = YES;
				CLANG_ENABLE_OBJC_WEAK = YES;
				CLANG_WARN_BLOCK_CAPTURE_AUTORELEASING = YES;
				CLANG_WARN_BOOL_CONVERSION = YES;
				CLANG_WARN_COMMA = YES;
				CLANG_WARN_CONSTANT_CONVERSION = YES;
				CLANG_WARN_DEPRECATED_OBJC_IMPLEMENTATIONS = YES;
				CLANG_WARN_DIRECT_OBJC_ISA_USAGE = YES_ERROR;
				CLANG_WARN_DOCUMENTATION_COMMENTS = YES;
				CLANG_WARN_EMPTY_BODY = YES;
				CLANG_WARN_ENUM_CONVERSION = YES;
				CLANG_WARN_INFINITE_RECURSION = YES;
				CLANG_WARN_INT_CONVERSION = YES;
				CLANG_WARN_NON_LITERAL_NULL_CONVERSION = YES;
				CLANG_WARN_OBJC_IMPLICIT_RETAIN_SELF = YES;
				CLANG_WARN_OBJC_LITERAL_CONVERSION = YES;
				CLANG_WARN_OBJC_ROOT_CLASS = YES_ERROR;
				CLANG_WARN_QUOTED_INCLUDE_IN_FRAMEWORK_HEADER = YES;
				CLANG_WARN_RANGE_LOOP_ANALYSIS = YES;
				CLANG_WARN_STRICT_PROTOTYPES = YES;
				CLANG_WARN_SUSPICIOUS_MOVE = YES;
				CLANG_WARN_UNGUARDED_AVAILABILITY = YES_AGGRESSIVE;
				CLANG_WARN_UNREACHABLE_CODE = YES;
				CLANG_WARN__DUPLICATE_METHOD_MATCH = YES;
				COPY_PHASE_STRIP = NO;
				DEBUG_INFORMATION_FORMAT = dwarf;
				ENABLE_STRICT_OBJC_MSGSEND = YES;
				ENABLE_TESTABILITY = YES;
				ENABLE_USER_SCRIPT_SANDBOXING = YES;
				GCC_C_LANGUAGE_STANDARD = gnu17;
				GCC_DYNAMIC_NO_PIC = NO;
				GCC_NO_COMMON_BLOCKS = YES;
				GCC_OPTIMIZATION_LEVEL = 0;
				GCC_PREPROCESSOR_DEFINITIONS = (
					"DEBUG=1",
					"$(inherited)",
				);
				GCC_WARN_64_TO_32_BIT_CONVERSION = YES;
				GCC_WARN_ABOUT_RETURN_TYPE = YES_ERROR;
				GCC_WARN_UNDECLARED_SELECTOR = YES;
				GCC_WARN_UNINITIALIZED_AUTOS = YES_AGGRESSIVE;
				GCC_WARN_UNUSED_FUNCTION = YES;
				GCC_WARN_UNUSED_VARIABLE = YES;
				IPHONEOS_DEPLOYMENT_TARGET = 17.0;
				LOCALIZATION_PREFERS_STRING_CATALOGS = YES;
				MTL_ENABLE_DEBUG_INFO = INCLUDE_SOURCE;
				MTL_FAST_MATH = YES;
				ONLY_ACTIVE_ARCH = YES;
				SDKROOT = iphoneos;
				SWIFT_ACTIVE_COMPILATION_CONDITIONS = "DEBUG $(inherited)";
				SWIFT_OPTIMIZATION_LEVEL = "-Onone";
			};
			name = Debug;
		};
		B51B0F412BFCFAE500F0EC41 /* Release */ = {
			isa = XCBuildConfiguration;
			buildSettings = {
				ALWAYS_SEARCH_USER_PATHS = NO;
				ASSETCATALOG_COMPILER_GENERATE_SWIFT_ASSET_SYMBOL_EXTENSIONS = YES;
				CLANG_ANALYZER_NONNULL = YES;
				CLANG_ANALYZER_NUMBER_OBJECT_CONVERSION = YES_AGGRESSIVE;
				CLANG_CXX_LANGUAGE_STANDARD = "gnu++20";
				CLANG_ENABLE_MODULES = YES;
				CLANG_ENABLE_OBJC_ARC = YES;
				CLANG_ENABLE_OBJC_WEAK = YES;
				CLANG_WARN_BLOCK_CAPTURE_AUTORELEASING = YES;
				CLANG_WARN_BOOL_CONVERSION = YES;
				CLANG_WARN_COMMA = YES;
				CLANG_WARN_CONSTANT_CONVERSION = YES;
				CLANG_WARN_DEPRECATED_OBJC_IMPLEMENTATIONS = YES;
				CLANG_WARN_DIRECT_OBJC_ISA_USAGE = YES_ERROR;
				CLANG_WARN_DOCUMENTATION_COMMENTS = YES;
				CLANG_WARN_EMPTY_BODY = YES;
				CLANG_WARN_ENUM_CONVERSION = YES;
				CLANG_WARN_INFINITE_RECURSION = YES;
				CLANG_WARN_INT_CONVERSION = YES;
				CLANG_WARN_NON_LITERAL_NULL_CONVERSION = YES;
				CLANG_WARN_OBJC_IMPLICIT_RETAIN_SELF = YES;
				CLANG_WARN_OBJC_LITERAL_CONVERSION = YES;
				CLANG_WARN_OBJC_ROOT_CLASS = YES_ERROR;
				CLANG_WARN_QUOTED_INCLUDE_IN_FRAMEWORK_HEADER = YES;
				CLANG_WARN_RANGE_LOOP_ANALYSIS = YES;
				CLANG_WARN_STRICT_PROTOTYPES = YES;
				CLANG_WARN_SUSPICIOUS_MOVE = YES;
				CLANG_WARN_UNGUARDED_AVAILABILITY = YES_AGGRESSIVE;
				CLANG_WARN_UNREACHABLE_CODE = YES;
				CLANG_WARN__DUPLICATE_METHOD_MATCH = YES;
				COPY_PHASE_STRIP = NO;
				DEBUG_INFORMATION_FORMAT = "dwarf-with-dsym";
				ENABLE_NS_ASSERTIONS = NO;
				ENABLE_STRICT_OBJC_MSGSEND = YES;
				ENABLE_USER_SCRIPT_SANDBOXING = YES;
				GCC_C_LANGUAGE_STANDARD = gnu17;
				GCC_NO_COMMON_BLOCKS = YES;
				GCC_WARN_64_TO_32_BIT_CONVERSION = YES;
				GCC_WARN_ABOUT_RETURN_TYPE = YES_ERROR;
				GCC_WARN_UNDECLARED_SELECTOR = YES;
				GCC_WARN_UNINITIALIZED_AUTOS = YES_AGGRESSIVE;
				GCC_WARN_UNUSED_FUNCTION = YES;
				GCC_WARN_UNUSED_VARIABLE = YES;
				IPHONEOS_DEPLOYMENT_TARGET = 17.0;
				LOCALIZATION_PREFERS_STRING_CATALOGS = YES;
				MTL_ENABLE_DEBUG_INFO = NO;
				MTL_FAST_MATH = YES;
				SDKROOT = iphoneos;
				SWIFT_COMPILATION_MODE = wholemodule;
				VALIDATE_PRODUCT = YES;
			};
			name = Release;
		};
		B51B0F432BFCFAE500F0EC41 /* Debug */ = {
			isa = XCBuildConfiguration;
			buildSettings = {
				ASSETCATALOG_COMPILER_APPICON_NAME = AppIcon;
				ASSETCATALOG_COMPILER_GLOBAL_ACCENT_COLOR_NAME = AccentColor;
				CODE_SIGN_STYLE = Automatic;
				CURRENT_PROJECT_VERSION = 1;
				DEVELOPMENT_ASSET_PATHS = "\"TryLLM/Preview Content\"";
				DEVELOPMENT_TEAM = 9TH5ZF4KV8;
				ENABLE_PREVIEWS = YES;
				GENERATE_INFOPLIST_FILE = YES;
				INFOPLIST_KEY_UIApplicationSceneManifest_Generation = YES;
				INFOPLIST_KEY_UIApplicationSupportsIndirectInputEvents = YES;
				INFOPLIST_KEY_UILaunchScreen_Generation = YES;
				INFOPLIST_KEY_UISupportedInterfaceOrientations_iPad = "UIInterfaceOrientationPortrait UIInterfaceOrientationPortraitUpsideDown UIInterfaceOrientationLandscapeLeft UIInterfaceOrientationLandscapeRight";
				INFOPLIST_KEY_UISupportedInterfaceOrientations_iPhone = "UIInterfaceOrientationPortrait UIInterfaceOrientationLandscapeLeft UIInterfaceOrientationLandscapeRight";
				LD_RUNPATH_SEARCH_PATHS = (
					"$(inherited)",
					"@executable_path/Frameworks",
				);
				MARKETING_VERSION = 1.0;
				PRODUCT_BUNDLE_IDENTIFIER = com.DaSongYiShih.TryLLM;
				PRODUCT_NAME = "$(TARGET_NAME)";
				SWIFT_EMIT_LOC_STRINGS = YES;
				SWIFT_VERSION = 5.0;
				TARGETED_DEVICE_FAMILY = "1,2";
			};
			name = Debug;
		};
		B51B0F442BFCFAE500F0EC41 /* Release */ = {
			isa = XCBuildConfiguration;
			buildSettings = {
				ASSETCATALOG_COMPILER_APPICON_NAME = AppIcon;
				ASSETCATALOG_COMPILER_GLOBAL_ACCENT_COLOR_NAME = AccentColor;
				CODE_SIGN_STYLE = Automatic;
				CURRENT_PROJECT_VERSION = 1;
				DEVELOPMENT_ASSET_PATHS = "\"TryLLM/Preview Content\"";
				DEVELOPMENT_TEAM = 9TH5ZF4KV8;
				ENABLE_PREVIEWS = YES;
				GENERATE_INFOPLIST_FILE = YES;
				INFOPLIST_KEY_UIApplicationSceneManifest_Generation = YES;
				INFOPLIST_KEY_UIApplicationSupportsIndirectInputEvents = YES;
				INFOPLIST_KEY_UILaunchScreen_Generation = YES;
				INFOPLIST_KEY_UISupportedInterfaceOrientations_iPad = "UIInterfaceOrientationPortrait UIInterfaceOrientationPortraitUpsideDown UIInterfaceOrientationLandscapeLeft UIInterfaceOrientationLandscapeRight";
				INFOPLIST_KEY_UISupportedInterfaceOrientations_iPhone = "UIInterfaceOrientationPortrait UIInterfaceOrientationLandscapeLeft UIInterfaceOrientationLandscapeRight";
				LD_RUNPATH_SEARCH_PATHS = (
					"$(inherited)",
					"@executable_path/Frameworks",
				);
				MARKETING_VERSION = 1.0;
				PRODUCT_BUNDLE_IDENTIFIER = com.DaSongYiShih.TryLLM;
				PRODUCT_NAME = "$(TARGET_NAME)";
				SWIFT_EMIT_LOC_STRINGS = YES;
				SWIFT_VERSION = 5.0;
				TARGETED_DEVICE_FAMILY = "1,2";
			};
			name = Release;
		};
/* End XCBuildConfiguration section */

/* Begin XCConfigurationList section */
		B51B0F2F2BFCFAE400F0EC41 /* Build configuration list for PBXProject "TryLLM" */ = {
			isa = XCConfigurationList;
			buildConfigurations = (
				B51B0F402BFCFAE500F0EC41 /* Debug */,
				B51B0F412BFCFAE500F0EC41 /* Release */,
			);
			defaultConfigurationIsVisible = 0;
			defaultConfigurationName = Release;
		};
		B51B0F422BFCFAE500F0EC41 /* Build configuration list for PBXNativeTarget "TryLLM" */ = {
			isa = XCConfigurationList;
			buildConfigurations = (
				B51B0F432BFCFAE500F0EC41 /* Debug */,
				B51B0F442BFCFAE500F0EC41 /* Release */,
			);
			defaultConfigurationIsVisible = 0;
			defaultConfigurationName = Release;
		};
/* End XCConfigurationList section */

/* Begin XCRemoteSwiftPackageReference section */
		B557BC822C10B71800FAA297 /* XCRemoteSwiftPackageReference "mlx-swift-examples" */ = {
			isa = XCRemoteSwiftPackageReference;
			repositoryURL = "https://github.com/ml-explore/mlx-swift-examples";
			requirement = {
				branch = main;
				kind = branch;
			};
		};
		B557BC872C10B72600FAA297 /* XCRemoteSwiftPackageReference "swift-markdown-ui" */ = {
			isa = XCRemoteSwiftPackageReference;
			repositoryURL = "https://github.com/gonzalezreal/swift-markdown-ui";
			requirement = {
				kind = upToNextMajorVersion;
				minimumVersion = 2.3.0;
			};
		};
/* End XCRemoteSwiftPackageReference section */

/* Begin XCSwiftPackageProductDependency section */
		B557BC832C10B71800FAA297 /* LLM */ = {
			isa = XCSwiftPackageProductDependency;
			package = B557BC822C10B71800FAA297 /* XCRemoteSwiftPackageReference "mlx-swift-examples" */;
			productName = LLM;
		};
		B557BC852C10B71800FAA297 /* MNIST */ = {
			isa = XCSwiftPackageProductDependency;
			package = B557BC822C10B71800FAA297 /* XCRemoteSwiftPackageReference "mlx-swift-examples" */;
			productName = MNIST;
		};
		B557BC882C10B72600FAA297 /* MarkdownUI */ = {
			isa = XCSwiftPackageProductDependency;
			package = B557BC872C10B72600FAA297 /* XCRemoteSwiftPackageReference "swift-markdown-ui" */;
			productName = MarkdownUI;
		};
/* End XCSwiftPackageProductDependency section */
	};
	rootObject = B51B0F2C2BFCFAE400F0EC41 /* Project object */;
}
